
Microsoft Visual Studio Solution File, Format Version 12.00
# Visual Studio 15
VisualStudioVersion = 15.0.28010.0
MinimumVisualStudioVersion = 10.0.40219.1
Project("{FAE04EC0-301F-11D3-BF4B-00C04F79EFBC}") = "FestivalEntry", "FestivalEntry\FestivalEntry.csproj", "{CD126DB9-DF8F-49C3-8554-26D51FEAA89B}"
EndProject
Project("{00D1A9C2-B5F0-4AF3-8072-F6C62B433612}") = "FestivalDatabase", "FestivalDatabase\FestivalDatabase.sqlproj", "{F6693765-0F71-4AFA-9C2E-484E7680AF0D}"
EndProject
Project("{2150E333-8FDC-42A3-9474-1A3956D46DE8}") = "Solution Items", "Solution Items", "{57F1EB52-7E75-4271-85AC-CF3D1FB8AE23}"
	ProjectSection(SolutionItems) = preProject
		Festival App Project Blueprint.docx = Festival App Project Blueprint.docx
		LICENSE.md = LICENSE.md
		README.md = README.md
	EndProjectSection
EndProject
Global
	GlobalSection(SolutionConfigurationPlatforms) = preSolution
		Debug|Any CPU = Debug|Any CPU
		Release|Any CPU = Release|Any CPU
	EndGlobalSection
	GlobalSection(ProjectConfigurationPlatforms) = postSolution
		{CD126DB9-DF8F-49C3-8554-26D51FEAA89B}.Debug|Any CPU.ActiveCfg = Debug|Any CPU
		{CD126DB9-DF8F-49C3-8554-26D51FEAA89B}.Debug|Any CPU.Build.0 = Debug|Any CPU
		{CD126DB9-DF8F-49C3-8554-26D51FEAA89B}.Release|Any CPU.ActiveCfg = Release|Any CPU
		{CD126DB9-DF8F-49C3-8554-26D51FEAA89B}.Release|Any CPU.Build.0 = Release|Any CPU
		{F6693765-0F71-4AFA-9C2E-484E7680AF0D}.Debug|Any CPU.ActiveCfg = Debug|Any CPU
		{F6693765-0F71-4AFA-9C2E-484E7680AF0D}.Debug|Any CPU.Build.0 = Debug|Any CPU
		{F6693765-0F71-4AFA-9C2E-484E7680AF0D}.Debug|Any CPU.Deploy.0 = Debug|Any CPU
		{F6693765-0F71-4AFA-9C2E-484E7680AF0D}.Release|Any CPU.ActiveCfg = Release|Any CPU
		{F6693765-0F71-4AFA-9C2E-484E7680AF0D}.Release|Any CPU.Build.0 = Release|Any CPU
		{F6693765-0F71-4AFA-9C2E-484E7680AF0D}.Release|Any CPU.Deploy.0 = Release|Any CPU
	EndGlobalSection
	GlobalSection(SolutionProperties) = preSolution
		HideSolutionNode = FALSE
	EndGlobalSection
	GlobalSection(ExtensibilityGlobals) = postSolution
		SolutionGuid = {D15E0019-3F53-46DB-91F9-13DA7176703E}
	EndGlobalSection
EndGlobal
